
Microsoft Visual Studio Solution File, Format Version 12.00
# Visual Studio 14
VisualStudioVersion = 14.0.24720.0
MinimumVisualStudioVersion = 10.0.40219.1
Project("{FAE04EC0-301F-11D3-BF4B-00C04F79EFBC}") = "UnitTest", "UnitTest\UnitTest.csproj", "{DC3A3053-A1E1-4606-A55B-3462B5B55551}"
EndProject
Global
	GlobalSection(SolutionConfigurationPlatforms) = preSolution
		Debug|Any CPU = Debug|Any CPU
		Release|Any CPU = Release|Any CPU
	EndGlobalSection
	GlobalSection(ProjectConfigurationPlatforms) = postSolution
		{DC3A3053-A1E1-4606-A55B-3462B5B55551}.Debug|Any CPU.ActiveCfg = Debug|Any CPU
		{DC3A3053-A1E1-4606-A55B-3462B5B55551}.Debug|Any CPU.Build.0 = Debug|Any CPU
		{DC3A3053-A1E1-4606-A55B-3462B5B55551}.Release|Any CPU.ActiveCfg = Release|Any CPU
		{DC3A3053-A1E1-4606-A55B-3462B5B55551}.Release|Any CPU.Build.0 = Release|Any CPU
	EndGlobalSection
	GlobalSection(SolutionProperties) = preSolution
		HideSolutionNode = FALSE
	EndGlobalSection
EndGlobal
